
Microsoft Visual Studio Solution File, Format Version 12.00
# Visual Studio Version 17
VisualStudioVersion = 17.0.32126.317
MinimumVisualStudioVersion = 10.0.40219.1
Project("{FAE04EC0-301F-11D3-BF4B-00C04F79EFBC}") = "Desglose-de-monedas", "Desglose-de-monedas.csproj", "{C122A6E8-F4EC-4053-B0EC-97997A8AD2F2}"
EndProject
Global
	GlobalSection(SolutionConfigurationPlatforms) = preSolution
		Debug|Any CPU = Debug|Any CPU
		Release|Any CPU = Release|Any CPU
	EndGlobalSection
	GlobalSection(ProjectConfigurationPlatforms) = postSolution
		{C122A6E8-F4EC-4053-B0EC-97997A8AD2F2}.Debug|Any CPU.ActiveCfg = Debug|Any CPU
		{C122A6E8-F4EC-4053-B0EC-97997A8AD2F2}.Debug|Any CPU.Build.0 = Debug|Any CPU
		{C122A6E8-F4EC-4053-B0EC-97997A8AD2F2}.Release|Any CPU.ActiveCfg = Release|Any CPU
		{C122A6E8-F4EC-4053-B0EC-97997A8AD2F2}.Release|Any CPU.Build.0 = Release|Any CPU
	EndGlobalSection
	GlobalSection(SolutionProperties) = preSolution
		HideSolutionNode = FALSE
	EndGlobalSection
	GlobalSection(ExtensibilityGlobals) = postSolution
		SolutionGuid = {9D99DC5D-55C4-401A-A8ED-D8F171FE421B}
	EndGlobalSection
EndGlobal
